// !$*UTF8*$!
{
	archiveVersion = 1;
	classes = {
	};
	objectVersion = 50;
	objects = {

/* Begin PBXBuildFile section */
		BDBC23E02494A6A30028673B /* Reponse.swift in Sources */ = {isa = PBXBuildFile; fileRef = BDBC23DF2494A6A30028673B /* Reponse.swift */; };
		BDBC23E22494DD8C0028673B /* ConstantsTemplate.swift in Sources */ = {isa = PBXBuildFile; fileRef = BDBC23E12494DD8C0028673B /* ConstantsTemplate.swift */; };
		BDD0478E24870773000783EC /* AppDelegate.swift in Sources */ = {isa = PBXBuildFile; fileRef = BDD0478D24870773000783EC /* AppDelegate.swift */; };
		BDD0479024870773000783EC /* SceneDelegate.swift in Sources */ = {isa = PBXBuildFile; fileRef = BDD0478F24870773000783EC /* SceneDelegate.swift */; };
		BDD0479224870773000783EC /* ViewController.swift in Sources */ = {isa = PBXBuildFile; fileRef = BDD0479124870773000783EC /* ViewController.swift */; };
		BDD0479524870773000783EC /* Main.storyboard in Resources */ = {isa = PBXBuildFile; fileRef = BDD0479324870773000783EC /* Main.storyboard */; };
		BDD0479724870775000783EC /* Assets.xcassets in Resources */ = {isa = PBXBuildFile; fileRef = BDD0479624870775000783EC /* Assets.xcassets */; };
		BDD0479A24870775000783EC /* LaunchScreen.storyboard in Resources */ = {isa = PBXBuildFile; fileRef = BDD0479824870775000783EC /* LaunchScreen.storyboard */; };
		BDD047A224874FA6000783EC /* Constants.swift in Sources */ = {isa = PBXBuildFile; fileRef = BDD047A124874FA6000783EC /* Constants.swift */; };
		BDD047A4248754DC000783EC /* Video.swift in Sources */ = {isa = PBXBuildFile; fileRef = BDD047A3248754DC000783EC /* Video.swift */; };
		BDD047A624875607000783EC /* Model.swift in Sources */ = {isa = PBXBuildFile; fileRef = BDD047A524875607000783EC /* Model.swift */; };
/* End PBXBuildFile section */

/* Begin PBXFileReference section */
		BDBC23DF2494A6A30028673B /* Reponse.swift */ = {isa = PBXFileReference; lastKnownFileType = sourcecode.swift; path = Reponse.swift; sourceTree = "<group>"; };
		BDBC23E12494DD8C0028673B /* ConstantsTemplate.swift */ = {isa = PBXFileReference; lastKnownFileType = sourcecode.swift; path = ConstantsTemplate.swift; sourceTree = "<group>"; };
		BDD0478A24870773000783EC /* Abu_Mukhlef-YouTube.app */ = {isa = PBXFileReference; explicitFileType = wrapper.application; includeInIndex = 0; path = "Abu_Mukhlef-YouTube.app"; sourceTree = BUILT_PRODUCTS_DIR; };
		BDD0478D24870773000783EC /* AppDelegate.swift */ = {isa = PBXFileReference; lastKnownFileType = sourcecode.swift; path = AppDelegate.swift; sourceTree = "<group>"; };
		BDD0478F24870773000783EC /* SceneDelegate.swift */ = {isa = PBXFileReference; lastKnownFileType = sourcecode.swift; path = SceneDelegate.swift; sourceTree = "<group>"; };
		BDD0479124870773000783EC /* ViewController.swift */ = {isa = PBXFileReference; lastKnownFileType = sourcecode.swift; path = ViewController.swift; sourceTree = "<group>"; };
		BDD0479424870773000783EC /* Base */ = {isa = PBXFileReference; lastKnownFileType = file.storyboard; name = Base; path = Base.lproj/Main.storyboard; sourceTree = "<group>"; };
		BDD0479624870775000783EC /* Assets.xcassets */ = {isa = PBXFileReference; lastKnownFileType = folder.assetcatalog; path = Assets.xcassets; sourceTree = "<group>"; };
		BDD0479924870775000783EC /* Base */ = {isa = PBXFileReference; lastKnownFileType = file.storyboard; name = Base; path = Base.lproj/LaunchScreen.storyboard; sourceTree = "<group>"; };
		BDD0479B24870775000783EC /* Info.plist */ = {isa = PBXFileReference; lastKnownFileType = text.plist.xml; path = Info.plist; sourceTree = "<group>"; };
		BDD047A124874FA6000783EC /* Constants.swift */ = {isa = PBXFileReference; lastKnownFileType = sourcecode.swift; path = Constants.swift; sourceTree = "<group>"; };
		BDD047A3248754DC000783EC /* Video.swift */ = {isa = PBXFileReference; lastKnownFileType = sourcecode.swift; path = Video.swift; sourceTree = "<group>"; };
		BDD047A524875607000783EC /* Model.swift */ = {isa = PBXFileReference; lastKnownFileType = sourcecode.swift; path = Model.swift; sourceTree = "<group>"; };
/* End PBXFileReference section */

/* Begin PBXFrameworksBuildPhase section */
		BDD0478724870773000783EC /* Frameworks */ = {
			isa = PBXFrameworksBuildPhase;
			buildActionMask = 2147483647;
			files = (
			);
			runOnlyForDeploymentPostprocessing = 0;
		};
/* End PBXFrameworksBuildPhase section */

/* Begin PBXGroup section */
		BDD0478124870773000783EC = {
			isa = PBXGroup;
			children = (
				BDD0478C24870773000783EC /* Abu_Mukhlef-YouTube */,
				BDD0478B24870773000783EC /* Products */,
			);
			sourceTree = "<group>";
		};
		BDD0478B24870773000783EC /* Products */ = {
			isa = PBXGroup;
			children = (
				BDD0478A24870773000783EC /* Abu_Mukhlef-YouTube.app */,
			);
			name = Products;
			sourceTree = "<group>";
		};
		BDD0478C24870773000783EC /* Abu_Mukhlef-YouTube */ = {
			isa = PBXGroup;
			children = (
				BDD0478D24870773000783EC /* AppDelegate.swift */,
				BDD0478F24870773000783EC /* SceneDelegate.swift */,
				BDD0479124870773000783EC /* ViewController.swift */,
				BDD0479324870773000783EC /* Main.storyboard */,
				BDD0479624870775000783EC /* Assets.xcassets */,
				BDD0479824870775000783EC /* LaunchScreen.storyboard */,
				BDD0479B24870775000783EC /* Info.plist */,
				BDD047A124874FA6000783EC /* Constants.swift */,
				BDBC23E12494DD8C0028673B /* ConstantsTemplate.swift */,
				BDD047A3248754DC000783EC /* Video.swift */,
				BDD047A524875607000783EC /* Model.swift */,
				BDBC23DF2494A6A30028673B /* Reponse.swift */,
			);
			path = "Abu_Mukhlef-YouTube";
			sourceTree = "<group>";
		};
/* End PBXGroup section */

/* Begin PBXNativeTarget section */
		BDD0478924870773000783EC /* Abu_Mukhlef-YouTube */ = {
			isa = PBXNativeTarget;
			buildConfigurationList = BDD0479E24870775000783EC /* Build configuration list for PBXNativeTarget "Abu_Mukhlef-YouTube" */;
			buildPhases = (
				BDD0478624870773000783EC /* Sources */,
				BDD0478724870773000783EC /* Frameworks */,
				BDD0478824870773000783EC /* Resources */,
			);
			buildRules = (
			);
			dependencies = (
			);
			name = "Abu_Mukhlef-YouTube";
			productName = "Abu_Mukhlef-YouTube";
			productReference = BDD0478A24870773000783EC /* Abu_Mukhlef-YouTube.app */;
			productType = "com.apple.product-type.application";
		};
/* End PBXNativeTarget section */

/* Begin PBXProject section */
		BDD0478224870773000783EC /* Project object */ = {
			isa = PBXProject;
			attributes = {
				LastSwiftUpdateCheck = 1130;
				LastUpgradeCheck = 1130;
				ORGANIZATIONNAME = Abu_Mukhlef.You;
				TargetAttributes = {
					BDD0478924870773000783EC = {
						CreatedOnToolsVersion = 11.3.1;
					};
				};
			};
			buildConfigurationList = BDD0478524870773000783EC /* Build configuration list for PBXProject "Abu_Mukhlef-YouTube" */;
			compatibilityVersion = "Xcode 9.3";
			developmentRegion = en;
			hasScannedForEncodings = 0;
			knownRegions = (
				en,
				Base,
			);
			mainGroup = BDD0478124870773000783EC;
			productRefGroup = BDD0478B24870773000783EC /* Products */;
			projectDirPath = "";
			projectRoot = "";
			targets = (
				BDD0478924870773000783EC /* Abu_Mukhlef-YouTube */,
			);
		};
/* End PBXProject section */

/* Begin PBXResourcesBuildPhase section */
		BDD0478824870773000783EC /* Resources */ = {
			isa = PBXResourcesBuildPhase;
			buildActionMask = 2147483647;
			files = (
				BDD0479A24870775000783EC /* LaunchScreen.storyboard in Resources */,
				BDD0479724870775000783EC /* Assets.xcassets in Resources */,
				BDD0479524870773000783EC /* Main.storyboard in Resources */,
			);
			runOnlyForDeploymentPostprocessing = 0;
		};
/* End PBXResourcesBuildPhase section */

/* Begin PBXSourcesBuildPhase section */
		BDD0478624870773000783EC /* Sources */ = {
			isa = PBXSourcesBuildPhase;
			buildActionMask = 2147483647;
			files = (
				BDD0479224870773000783EC /* ViewController.swift in Sources */,
				BDBC23E02494A6A30028673B /* Reponse.swift in Sources */,
				BDD0478E24870773000783EC /* AppDelegate.swift in Sources */,
				BDBC23E22494DD8C0028673B /* ConstantsTemplate.swift in Sources */,
				BDD0479024870773000783EC /* SceneDelegate.swift in Sources */,
				BDD047A624875607000783EC /* Model.swift in Sources */,
				BDD047A224874FA6000783EC /* Constants.swift in Sources */,
				BDD047A4248754DC000783EC /* Video.swift in Sources */,
			);
			runOnlyForDeploymentPostprocessing = 0;
		};
/* End PBXSourcesBuildPhase section */

/* Begin PBXVariantGroup section */
		BDD0479324870773000783EC /* Main.storyboard */ = {
			isa = PBXVariantGroup;
			children = (
				BDD0479424870773000783EC /* Base */,
			);
			name = Main.storyboard;
			sourceTree = "<group>";
		};
		BDD0479824870775000783EC /* LaunchScreen.storyboard */ = {
			isa = PBXVariantGroup;
			children = (
				BDD0479924870775000783EC /* Base */,
			);
			name = LaunchScreen.storyboard;
			sourceTree = "<group>";
		};
/* End PBXVariantGroup section */

/* Begin XCBuildConfiguration section */
		BDD0479C24870775000783EC /* Debug */ = {
			isa = XCBuildConfiguration;
			buildSettings = {
				ALWAYS_SEARCH_USER_PATHS = NO;
				CLANG_ANALYZER_NONNULL = YES;
				CLANG_ANALYZER_NUMBER_OBJECT_CONVERSION = YES_AGGRESSIVE;
				CLANG_CXX_LANGUAGE_STANDARD = "gnu++14";
				CLANG_CXX_LIBRARY = "libc++";
				CLANG_ENABLE_MODULES = YES;
				CLANG_ENABLE_OBJC_ARC = YES;
				CLANG_ENABLE_OBJC_WEAK = YES;
				CLANG_WARN_BLOCK_CAPTURE_AUTORELEASING = YES;
				CLANG_WARN_BOOL_CONVERSION = YES;
				CLANG_WARN_COMMA = YES;
				CLANG_WARN_CONSTANT_CONVERSION = YES;
				CLANG_WARN_DEPRECATED_OBJC_IMPLEMENTATIONS = YES;
				CLANG_WARN_DIRECT_OBJC_ISA_USAGE = YES_ERROR;
				CLANG_WARN_DOCUMENTATION_COMMENTS = YES;
				CLANG_WARN_EMPTY_BODY = YES;
				CLANG_WARN_ENUM_CONVERSION = YES;
				CLANG_WARN_INFINITE_RECURSION = YES;
				CLANG_WARN_INT_CONVERSION = YES;
				CLANG_WARN_NON_LITERAL_NULL_CONVERSION = YES;
				CLANG_WARN_OBJC_IMPLICIT_RETAIN_SELF = YES;
				CLANG_WARN_OBJC_LITERAL_CONVERSION = YES;
				CLANG_WARN_OBJC_ROOT_CLASS = YES_ERROR;
				CLANG_WARN_RANGE_LOOP_ANALYSIS = YES;
				CLANG_WARN_STRICT_PROTOTYPES = YES;
				CLANG_WARN_SUSPICIOUS_MOVE = YES;
				CLANG_WARN_UNGUARDED_AVAILABILITY = YES_AGGRESSIVE;
				CLANG_WARN_UNREACHABLE_CODE = YES;
				CLANG_WARN__DUPLICATE_METHOD_MATCH = YES;
				COPY_PHASE_STRIP = NO;
				DEBUG_INFORMATION_FORMAT = dwarf;
				ENABLE_STRICT_OBJC_MSGSEND = YES;
				ENABLE_TESTABILITY = YES;
				GCC_C_LANGUAGE_STANDARD = gnu11;
				GCC_DYNAMIC_NO_PIC = NO;
				GCC_NO_COMMON_BLOCKS = YES;
				GCC_OPTIMIZATION_LEVEL = 0;
				GCC_PREPROCESSOR_DEFINITIONS = (
					"DEBUG=1",
					"$(inherited)",
				);
				GCC_WARN_64_TO_32_BIT_CONVERSION = YES;
				GCC_WARN_ABOUT_RETURN_TYPE = YES_ERROR;
				GCC_WARN_UNDECLARED_SELECTOR = YES;
				GCC_WARN_UNINITIALIZED_AUTOS = YES_AGGRESSIVE;
				GCC_WARN_UNUSED_FUNCTION = YES;
				GCC_WARN_UNUSED_VARIABLE = YES;
				IPHONEOS_DEPLOYMENT_TARGET = 13.2;
				MTL_ENABLE_DEBUG_INFO = INCLUDE_SOURCE;
				MTL_FAST_MATH = YES;
				ONLY_ACTIVE_ARCH = YES;
				SDKROOT = iphoneos;
				SWIFT_ACTIVE_COMPILATION_CONDITIONS = DEBUG;
				SWIFT_OPTIMIZATION_LEVEL = "-Onone";
			};
			name = Debug;
		};
		BDD0479D24870775000783EC /* Release */ = {
			isa = XCBuildConfiguration;
			buildSettings = {
				ALWAYS_SEARCH_USER_PATHS = NO;
				CLANG_ANALYZER_NONNULL = YES;
				CLANG_ANALYZER_NUMBER_OBJECT_CONVERSION = YES_AGGRESSIVE;
				CLANG_CXX_LANGUAGE_STANDARD = "gnu++14";
				CLANG_CXX_LIBRARY = "libc++";
				CLANG_ENABLE_MODULES = YES;
				CLANG_ENABLE_OBJC_ARC = YES;
				CLANG_ENABLE_OBJC_WEAK = YES;
				CLANG_WARN_BLOCK_CAPTURE_AUTORELEASING = YES;
				CLANG_WARN_BOOL_CONVERSION = YES;
				CLANG_WARN_COMMA = YES;
				CLANG_WARN_CONSTANT_CONVERSION = YES;
				CLANG_WARN_DEPRECATED_OBJC_IMPLEMENTATIONS = YES;
				CLANG_WARN_DIRECT_OBJC_ISA_USAGE = YES_ERROR;
				CLANG_WARN_DOCUMENTATION_COMMENTS = YES;
				CLANG_WARN_EMPTY_BODY = YES;
				CLANG_WARN_ENUM_CONVERSION = YES;
				CLANG_WARN_INFINITE_RECURSION = YES;
				CLANG_WARN_INT_CONVERSION = YES;
				CLANG_WARN_NON_LITERAL_NULL_CONVERSION = YES;
				CLANG_WARN_OBJC_IMPLICIT_RETAIN_SELF = YES;
				CLANG_WARN_OBJC_LITERAL_CONVERSION = YES;
				CLANG_WARN_OBJC_ROOT_CLASS = YES_ERROR;
				CLANG_WARN_RANGE_LOOP_ANALYSIS = YES;
				CLANG_WARN_STRICT_PROTOTYPES = YES;
				CLANG_WARN_SUSPICIOUS_MOVE = YES;
				CLANG_WARN_UNGUARDED_AVAILABILITY = YES_AGGRESSIVE;
				CLANG_WARN_UNREACHABLE_CODE = YES;
				CLANG_WARN__DUPLICATE_METHOD_MATCH = YES;
				COPY_PHASE_STRIP = NO;
				DEBUG_INFORMATION_FORMAT = "dwarf-with-dsym";
				ENABLE_NS_ASSERTIONS = NO;
				ENABLE_STRICT_OBJC_MSGSEND = YES;
				GCC_C_LANGUAGE_STANDARD = gnu11;
				GCC_NO_COMMON_BLOCKS = YES;
				GCC_WARN_64_TO_32_BIT_CONVERSION = YES;
				GCC_WARN_ABOUT_RETURN_TYPE = YES_ERROR;
				GCC_WARN_UNDECLARED_SELECTOR = YES;
				GCC_WARN_UNINITIALIZED_AUTOS = YES_AGGRESSIVE;
				GCC_WARN_UNUSED_FUNCTION = YES;
				GCC_WARN_UNUSED_VARIABLE = YES;
				IPHONEOS_DEPLOYMENT_TARGET = 13.2;
				MTL_ENABLE_DEBUG_INFO = NO;
				MTL_FAST_MATH = YES;
				SDKROOT = iphoneos;
				SWIFT_COMPILATION_MODE = wholemodule;
				SWIFT_OPTIMIZATION_LEVEL = "-O";
				VALIDATE_PRODUCT = YES;
			};
			name = Release;
		};
		BDD0479F24870775000783EC /* Debug */ = {
			isa = XCBuildConfiguration;
			buildSettings = {
				ASSETCATALOG_COMPILER_APPICON_NAME = AppIcon;
				CODE_SIGN_STYLE = Automatic;
				DEVELOPMENT_TEAM = 3X4U82A24S;
				INFOPLIST_FILE = "Abu_Mukhlef-YouTube/Info.plist";
				LD_RUNPATH_SEARCH_PATHS = (
					"$(inherited)",
					"@executable_path/Frameworks",
				);
				PRODUCT_BUNDLE_IDENTIFIER = "Abu-Mukhlef.You.Abu-Mukhlef-YouTube";
				PRODUCT_NAME = "$(TARGET_NAME)";
				SWIFT_VERSION = 5.0;
				TARGETED_DEVICE_FAMILY = "1,2";
			};
			name = Debug;
		};
		BDD047A024870775000783EC /* Release */ = {
			isa = XCBuildConfiguration;
			buildSettings = {
				ASSETCATALOG_COMPILER_APPICON_NAME = AppIcon;
				CODE_SIGN_STYLE = Automatic;
				DEVELOPMENT_TEAM = 3X4U82A24S;
				INFOPLIST_FILE = "Abu_Mukhlef-YouTube/Info.plist";
				LD_RUNPATH_SEARCH_PATHS = (
					"$(inherited)",
					"@executable_path/Frameworks",
				);
				PRODUCT_BUNDLE_IDENTIFIER = "Abu-Mukhlef.You.Abu-Mukhlef-YouTube";
				PRODUCT_NAME = "$(TARGET_NAME)";
				SWIFT_VERSION = 5.0;
				TARGETED_DEVICE_FAMILY = "1,2";
			};
			name = Release;
		};
/* End XCBuildConfiguration section */

/* Begin XCConfigurationList section */
		BDD0478524870773000783EC /* Build configuration list for PBXProject "Abu_Mukhlef-YouTube" */ = {
			isa = XCConfigurationList;
			buildConfigurations = (
				BDD0479C24870775000783EC /* Debug */,
				BDD0479D24870775000783EC /* Release */,
			);
			defaultConfigurationIsVisible = 0;
			defaultConfigurationName = Release;
		};
		BDD0479E24870775000783EC /* Build configuration list for PBXNativeTarget "Abu_Mukhlef-YouTube" */ = {
			isa = XCConfigurationList;
			buildConfigurations = (
				BDD0479F24870775000783EC /* Debug */,
				BDD047A024870775000783EC /* Release */,
			);
			defaultConfigurationIsVisible = 0;
			defaultConfigurationName = Release;
		};
/* End XCConfigurationList section */
	};
	rootObject = BDD0478224870773000783EC /* Project object */;
}
